
Microsoft Visual Studio Solution File, Format Version 12.00
# Visual Studio Version 17
VisualStudioVersion = 17.7.34202.233
MinimumVisualStudioVersion = 10.0.40219.1
Project("{FAE04EC0-301F-11D3-BF4B-00C04F79EFBC}") = "WebgioithieudantocKhmer", "WebgioithieudantocKhmer\WebgioithieudantocKhmer.csproj", "{4C1D5822-597E-4A57-8FA2-B782AECA9179}"
EndProject
Global
	GlobalSection(SolutionConfigurationPlatforms) = preSolution
		Debug|Any CPU = Debug|Any CPU
		Release|Any CPU = Release|Any CPU
	EndGlobalSection
	GlobalSection(ProjectConfigurationPlatforms) = postSolution
		{4C1D5822-597E-4A57-8FA2-B782AECA9179}.Debug|Any CPU.ActiveCfg = Debug|Any CPU
		{4C1D5822-597E-4A57-8FA2-B782AECA9179}.Debug|Any CPU.Build.0 = Debug|Any CPU
		{4C1D5822-597E-4A57-8FA2-B782AECA9179}.Release|Any CPU.ActiveCfg = Release|Any CPU
		{4C1D5822-597E-4A57-8FA2-B782AECA9179}.Release|Any CPU.Build.0 = Release|Any CPU
	EndGlobalSection
	GlobalSection(SolutionProperties) = preSolution
		HideSolutionNode = FALSE
	EndGlobalSection
	GlobalSection(ExtensibilityGlobals) = postSolution
		SolutionGuid = {89DB7ED4-EBFA-4F66-9360-EAD9367E4A62}
	EndGlobalSection
EndGlobal
